
Microsoft Visual Studio Solution File, Format Version 11.00
# Visual Studio 2010
Project("{FAE04EC0-301F-11D3-BF4B-00C04F79EFBC}") = "Assembly-CSharp", "Assembly-CSharp.csproj", "{35c49bc5-405e-dad4-1d04-3535ebc3356c}"
EndProject
Project("{FAE04EC0-301F-11D3-BF4B-00C04F79EFBC}") = "Assembly-CSharp-Editor", "Assembly-CSharp-Editor.csproj", "{a029dbd5-784f-d1b2-dc01-e0862bb88623}"
EndProject
Global
	GlobalSection(SolutionConfigurationPlatforms) = preSolution
		Debug|Any CPU = Debug|Any CPU
	EndGlobalSection
	GlobalSection(ProjectConfigurationPlatforms) = postSolution
		{35c49bc5-405e-dad4-1d04-3535ebc3356c}.Debug|Any CPU.ActiveCfg = Debug|Any CPU
		{35c49bc5-405e-dad4-1d04-3535ebc3356c}.Debug|Any CPU.Build.0 = Debug|Any CPU
		{a029dbd5-784f-d1b2-dc01-e0862bb88623}.Debug|Any CPU.ActiveCfg = Debug|Any CPU
		{a029dbd5-784f-d1b2-dc01-e0862bb88623}.Debug|Any CPU.Build.0 = Debug|Any CPU
	EndGlobalSection
	GlobalSection(SolutionProperties) = preSolution
		HideSolutionNode = FALSE
	EndGlobalSection
EndGlobal
